// !$*UTF8*$!
{
	archiveVersion = 1;
	classes = {
	};
	objectVersion = 50;
	objects = {

/* Begin PBXBuildFile section */
		A0799110248E8AE60016A050 /* AppDelegate.swift in Sources */ = {isa = PBXBuildFile; fileRef = A079910F248E8AE60016A050 /* AppDelegate.swift */; };
		A0799112248E8AE60016A050 /* SceneDelegate.swift in Sources */ = {isa = PBXBuildFile; fileRef = A0799111248E8AE60016A050 /* SceneDelegate.swift */; };
		A0799114248E8AE60016A050 /* ViewController.swift in Sources */ = {isa = PBXBuildFile; fileRef = A0799113248E8AE60016A050 /* ViewController.swift */; };
		A0799117248E8AE60016A050 /* Main.storyboard in Resources */ = {isa = PBXBuildFile; fileRef = A0799115248E8AE60016A050 /* Main.storyboard */; };
		A0799119248E8AE70016A050 /* Assets.xcassets in Resources */ = {isa = PBXBuildFile; fileRef = A0799118248E8AE70016A050 /* Assets.xcassets */; };
		A079911C248E8AE70016A050 /* LaunchScreen.storyboard in Resources */ = {isa = PBXBuildFile; fileRef = A079911A248E8AE70016A050 /* LaunchScreen.storyboard */; };
		A0799124248E93B80016A050 /* PageCell.swift in Sources */ = {isa = PBXBuildFile; fileRef = A0799123248E93B80016A050 /* PageCell.swift */; };
/* End PBXBuildFile section */

/* Begin PBXFileReference section */
		A079910C248E8AE60016A050 /* Homework 36.app */ = {isa = PBXFileReference; explicitFileType = wrapper.application; includeInIndex = 0; path = "Homework 36.app"; sourceTree = BUILT_PRODUCTS_DIR; };
		A079910F248E8AE60016A050 /* AppDelegate.swift */ = {isa = PBXFileReference; lastKnownFileType = sourcecode.swift; path = AppDelegate.swift; sourceTree = "<group>"; };
		A0799111248E8AE60016A050 /* SceneDelegate.swift */ = {isa = PBXFileReference; lastKnownFileType = sourcecode.swift; path = SceneDelegate.swift; sourceTree = "<group>"; };
		A0799113248E8AE60016A050 /* ViewController.swift */ = {isa = PBXFileReference; lastKnownFileType = sourcecode.swift; path = ViewController.swift; sourceTree = "<group>"; };
		A0799116248E8AE60016A050 /* Base */ = {isa = PBXFileReference; lastKnownFileType = file.storyboard; name = Base; path = Base.lproj/Main.storyboard; sourceTree = "<group>"; };
		A0799118248E8AE70016A050 /* Assets.xcassets */ = {isa = PBXFileReference; lastKnownFileType = folder.assetcatalog; path = Assets.xcassets; sourceTree = "<group>"; };
		A079911B248E8AE70016A050 /* Base */ = {isa = PBXFileReference; lastKnownFileType = file.storyboard; name = Base; path = Base.lproj/LaunchScreen.storyboard; sourceTree = "<group>"; };
		A079911D248E8AE80016A050 /* Info.plist */ = {isa = PBXFileReference; lastKnownFileType = text.plist.xml; path = Info.plist; sourceTree = "<group>"; };
		A0799123248E93B80016A050 /* PageCell.swift */ = {isa = PBXFileReference; lastKnownFileType = sourcecode.swift; path = PageCell.swift; sourceTree = "<group>"; };
/* End PBXFileReference section */

/* Begin PBXFrameworksBuildPhase section */
		A0799109248E8AE60016A050 /* Frameworks */ = {
			isa = PBXFrameworksBuildPhase;
			buildActionMask = 2147483647;
			files = (
			);
			runOnlyForDeploymentPostprocessing = 0;
		};
/* End PBXFrameworksBuildPhase section */

/* Begin PBXGroup section */
		A0799103248E8AE60016A050 = {
			isa = PBXGroup;
			children = (
				A079910E248E8AE60016A050 /* Homework 36 */,
				A079910D248E8AE60016A050 /* Products */,
			);
			sourceTree = "<group>";
		};
		A079910D248E8AE60016A050 /* Products */ = {
			isa = PBXGroup;
			children = (
				A079910C248E8AE60016A050 /* Homework 36.app */,
			);
			name = Products;
			sourceTree = "<group>";
		};
		A079910E248E8AE60016A050 /* Homework 36 */ = {
			isa = PBXGroup;
			children = (
				A079910F248E8AE60016A050 /* AppDelegate.swift */,
				A0799111248E8AE60016A050 /* SceneDelegate.swift */,
				A0799113248E8AE60016A050 /* ViewController.swift */,
				A0799115248E8AE60016A050 /* Main.storyboard */,
				A0799118248E8AE70016A050 /* Assets.xcassets */,
				A079911A248E8AE70016A050 /* LaunchScreen.storyboard */,
				A079911D248E8AE80016A050 /* Info.plist */,
				A0799123248E93B80016A050 /* PageCell.swift */,
			);
			path = "Homework 36";
			sourceTree = "<group>";
		};
/* End PBXGroup section */

/* Begin PBXNativeTarget section */
		A079910B248E8AE60016A050 /* Homework 36 */ = {
			isa = PBXNativeTarget;
			buildConfigurationList = A0799120248E8AE80016A050 /* Build configuration list for PBXNativeTarget "Homework 36" */;
			buildPhases = (
				A0799108248E8AE60016A050 /* Sources */,
				A0799109248E8AE60016A050 /* Frameworks */,
				A079910A248E8AE60016A050 /* Resources */,
			);
			buildRules = (
			);
			dependencies = (
			);
			name = "Homework 36";
			productName = "Homework 36";
			productReference = A079910C248E8AE60016A050 /* Homework 36.app */;
			productType = "com.apple.product-type.application";
		};
/* End PBXNativeTarget section */

/* Begin PBXProject section */
		A0799104248E8AE60016A050 /* Project object */ = {
			isa = PBXProject;
			attributes = {
				LastSwiftUpdateCheck = 1150;
				LastUpgradeCheck = 1150;
				ORGANIZATIONNAME = "Nino Mekhashishvili";
				TargetAttributes = {
					A079910B248E8AE60016A050 = {
						CreatedOnToolsVersion = 11.5;
					};
				};
			};
			buildConfigurationList = A0799107248E8AE60016A050 /* Build configuration list for PBXProject "Homework 36" */;
			compatibilityVersion = "Xcode 9.3";
			developmentRegion = en;
			hasScannedForEncodings = 0;
			knownRegions = (
				en,
				Base,
			);
			mainGroup = A0799103248E8AE60016A050;
			productRefGroup = A079910D248E8AE60016A050 /* Products */;
			projectDirPath = "";
			projectRoot = "";
			targets = (
				A079910B248E8AE60016A050 /* Homework 36 */,
			);
		};
/* End PBXProject section */

/* Begin PBXResourcesBuildPhase section */
		A079910A248E8AE60016A050 /* Resources */ = {
			isa = PBXResourcesBuildPhase;
			buildActionMask = 2147483647;
			files = (
				A079911C248E8AE70016A050 /* LaunchScreen.storyboard in Resources */,
				A0799119248E8AE70016A050 /* Assets.xcassets in Resources */,
				A0799117248E8AE60016A050 /* Main.storyboard in Resources */,
			);
			runOnlyForDeploymentPostprocessing = 0;
		};
/* End PBXResourcesBuildPhase section */

/* Begin PBXSourcesBuildPhase section */
		A0799108248E8AE60016A050 /* Sources */ = {
			isa = PBXSourcesBuildPhase;
			buildActionMask = 2147483647;
			files = (
				A0799114248E8AE60016A050 /* ViewController.swift in Sources */,
				A0799110248E8AE60016A050 /* AppDelegate.swift in Sources */,
				A0799124248E93B80016A050 /* PageCell.swift in Sources */,
				A0799112248E8AE60016A050 /* SceneDelegate.swift in Sources */,
			);
			runOnlyForDeploymentPostprocessing = 0;
		};
/* End PBXSourcesBuildPhase section */

/* Begin PBXVariantGroup section */
		A0799115248E8AE60016A050 /* Main.storyboard */ = {
			isa = PBXVariantGroup;
			children = (
				A0799116248E8AE60016A050 /* Base */,
			);
			name = Main.storyboard;
			sourceTree = "<group>";
		};
		A079911A248E8AE70016A050 /* LaunchScreen.storyboard */ = {
			isa = PBXVariantGroup;
			children = (
				A079911B248E8AE70016A050 /* Base */,
			);
			name = LaunchScreen.storyboard;
			sourceTree = "<group>";
		};
/* End PBXVariantGroup section */

/* Begin XCBuildConfiguration section */
		A079911E248E8AE80016A050 /* Debug */ = {
			isa = XCBuildConfiguration;
			buildSettings = {
				ALWAYS_SEARCH_USER_PATHS = NO;
				CLANG_ANALYZER_NONNULL = YES;
				CLANG_ANALYZER_NUMBER_OBJECT_CONVERSION = YES_AGGRESSIVE;
				CLANG_CXX_LANGUAGE_STANDARD = "gnu++14";
				CLANG_CXX_LIBRARY = "libc++";
				CLANG_ENABLE_MODULES = YES;
				CLANG_ENABLE_OBJC_ARC = YES;
				CLANG_ENABLE_OBJC_WEAK = YES;
				CLANG_WARN_BLOCK_CAPTURE_AUTORELEASING = YES;
				CLANG_WARN_BOOL_CONVERSION = YES;
				CLANG_WARN_COMMA = YES;
				CLANG_WARN_CONSTANT_CONVERSION = YES;
				CLANG_WARN_DEPRECATED_OBJC_IMPLEMENTATIONS = YES;
				CLANG_WARN_DIRECT_OBJC_ISA_USAGE = YES_ERROR;
				CLANG_WARN_DOCUMENTATION_COMMENTS = YES;
				CLANG_WARN_EMPTY_BODY = YES;
				CLANG_WARN_ENUM_CONVERSION = YES;
				CLANG_WARN_INFINITE_RECURSION = YES;
				CLANG_WARN_INT_CONVERSION = YES;
				CLANG_WARN_NON_LITERAL_NULL_CONVERSION = YES;
				CLANG_WARN_OBJC_IMPLICIT_RETAIN_SELF = YES;
				CLANG_WARN_OBJC_LITERAL_CONVERSION = YES;
				CLANG_WARN_OBJC_ROOT_CLASS = YES_ERROR;
				CLANG_WARN_RANGE_LOOP_ANALYSIS = YES;
				CLANG_WARN_STRICT_PROTOTYPES = YES;
				CLANG_WARN_SUSPICIOUS_MOVE = YES;
				CLANG_WARN_UNGUARDED_AVAILABILITY = YES_AGGRESSIVE;
				CLANG_WARN_UNREACHABLE_CODE = YES;
				CLANG_WARN__DUPLICATE_METHOD_MATCH = YES;
				COPY_PHASE_STRIP = NO;
				DEBUG_INFORMATION_FORMAT = dwarf;
				ENABLE_STRICT_OBJC_MSGSEND = YES;
				ENABLE_TESTABILITY = YES;
				GCC_C_LANGUAGE_STANDARD = gnu11;
				GCC_DYNAMIC_NO_PIC = NO;
				GCC_NO_COMMON_BLOCKS = YES;
				GCC_OPTIMIZATION_LEVEL = 0;
				GCC_PREPROCESSOR_DEFINITIONS = (
					"DEBUG=1",
					"$(inherited)",
				);
				GCC_WARN_64_TO_32_BIT_CONVERSION = YES;
				GCC_WARN_ABOUT_RETURN_TYPE = YES_ERROR;
				GCC_WARN_UNDECLARED_SELECTOR = YES;
				GCC_WARN_UNINITIALIZED_AUTOS = YES_AGGRESSIVE;
				GCC_WARN_UNUSED_FUNCTION = YES;
				GCC_WARN_UNUSED_VARIABLE = YES;
				IPHONEOS_DEPLOYMENT_TARGET = 13.5;
				MTL_ENABLE_DEBUG_INFO = INCLUDE_SOURCE;
				MTL_FAST_MATH = YES;
				ONLY_ACTIVE_ARCH = YES;
				SDKROOT = iphoneos;
				SWIFT_ACTIVE_COMPILATION_CONDITIONS = DEBUG;
				SWIFT_OPTIMIZATION_LEVEL = "-Onone";
			};
			name = Debug;
		};
		A079911F248E8AE80016A050 /* Release */ = {
			isa = XCBuildConfiguration;
			buildSettings = {
				ALWAYS_SEARCH_USER_PATHS = NO;
				CLANG_ANALYZER_NONNULL = YES;
				CLANG_ANALYZER_NUMBER_OBJECT_CONVERSION = YES_AGGRESSIVE;
				CLANG_CXX_LANGUAGE_STANDARD = "gnu++14";
				CLANG_CXX_LIBRARY = "libc++";
				CLANG_ENABLE_MODULES = YES;
				CLANG_ENABLE_OBJC_ARC = YES;
				CLANG_ENABLE_OBJC_WEAK = YES;
				CLANG_WARN_BLOCK_CAPTURE_AUTORELEASING = YES;
				CLANG_WARN_BOOL_CONVERSION = YES;
				CLANG_WARN_COMMA = YES;
				CLANG_WARN_CONSTANT_CONVERSION = YES;
				CLANG_WARN_DEPRECATED_OBJC_IMPLEMENTATIONS = YES;
				CLANG_WARN_DIRECT_OBJC_ISA_USAGE = YES_ERROR;
				CLANG_WARN_DOCUMENTATION_COMMENTS = YES;
				CLANG_WARN_EMPTY_BODY = YES;
				CLANG_WARN_ENUM_CONVERSION = YES;
				CLANG_WARN_INFINITE_RECURSION = YES;
				CLANG_WARN_INT_CONVERSION = YES;
				CLANG_WARN_NON_LITERAL_NULL_CONVERSION = YES;
				CLANG_WARN_OBJC_IMPLICIT_RETAIN_SELF = YES;
				CLANG_WARN_OBJC_LITERAL_CONVERSION = YES;
				CLANG_WARN_OBJC_ROOT_CLASS = YES_ERROR;
				CLANG_WARN_RANGE_LOOP_ANALYSIS = YES;
				CLANG_WARN_STRICT_PROTOTYPES = YES;
				CLANG_WARN_SUSPICIOUS_MOVE = YES;
				CLANG_WARN_UNGUARDED_AVAILABILITY = YES_AGGRESSIVE;
				CLANG_WARN_UNREACHABLE_CODE = YES;
				CLANG_WARN__DUPLICATE_METHOD_MATCH = YES;
				COPY_PHASE_STRIP = NO;
				DEBUG_INFORMATION_FORMAT = "dwarf-with-dsym";
				ENABLE_NS_ASSERTIONS = NO;
				ENABLE_STRICT_OBJC_MSGSEND = YES;
				GCC_C_LANGUAGE_STANDARD = gnu11;
				GCC_NO_COMMON_BLOCKS = YES;
				GCC_WARN_64_TO_32_BIT_CONVERSION = YES;
				GCC_WARN_ABOUT_RETURN_TYPE = YES_ERROR;
				GCC_WARN_UNDECLARED_SELECTOR = YES;
				GCC_WARN_UNINITIALIZED_AUTOS = YES_AGGRESSIVE;
				GCC_WARN_UNUSED_FUNCTION = YES;
				GCC_WARN_UNUSED_VARIABLE = YES;
				IPHONEOS_DEPLOYMENT_TARGET = 13.5;
				MTL_ENABLE_DEBUG_INFO = NO;
				MTL_FAST_MATH = YES;
				SDKROOT = iphoneos;
				SWIFT_COMPILATION_MODE = wholemodule;
				SWIFT_OPTIMIZATION_LEVEL = "-O";
				VALIDATE_PRODUCT = YES;
			};
			name = Release;
		};
		A0799121248E8AE80016A050 /* Debug */ = {
			isa = XCBuildConfiguration;
			buildSettings = {
				ASSETCATALOG_COMPILER_APPICON_NAME = AppIcon;
				CODE_SIGN_STYLE = Automatic;
				INFOPLIST_FILE = "Homework 36/Info.plist";
				LD_RUNPATH_SEARCH_PATHS = (
					"$(inherited)",
					"@executable_path/Frameworks",
				);
				PRODUCT_BUNDLE_IDENTIFIER = "nini-mekhashishvili";
				PRODUCT_NAME = "$(TARGET_NAME)";
				SWIFT_VERSION = 5.0;
				TARGETED_DEVICE_FAMILY = "1,2";
			};
			name = Debug;
		};
		A0799122248E8AE80016A050 /* Release */ = {
			isa = XCBuildConfiguration;
			buildSettings = {
				ASSETCATALOG_COMPILER_APPICON_NAME = AppIcon;
				CODE_SIGN_STYLE = Automatic;
				INFOPLIST_FILE = "Homework 36/Info.plist";
				LD_RUNPATH_SEARCH_PATHS = (
					"$(inherited)",
					"@executable_path/Frameworks",
				);
				PRODUCT_BUNDLE_IDENTIFIER = "nini-mekhashishvili";
				PRODUCT_NAME = "$(TARGET_NAME)";
				SWIFT_VERSION = 5.0;
				TARGETED_DEVICE_FAMILY = "1,2";
			};
			name = Release;
		};
/* End XCBuildConfiguration section */

/* Begin XCConfigurationList section */
		A0799107248E8AE60016A050 /* Build configuration list for PBXProject "Homework 36" */ = {
			isa = XCConfigurationList;
			buildConfigurations = (
				A079911E248E8AE80016A050 /* Debug */,
				A079911F248E8AE80016A050 /* Release */,
			);
			defaultConfigurationIsVisible = 0;
			defaultConfigurationName = Release;
		};
		A0799120248E8AE80016A050 /* Build configuration list for PBXNativeTarget "Homework 36" */ = {
			isa = XCConfigurationList;
			buildConfigurations = (
				A0799121248E8AE80016A050 /* Debug */,
				A0799122248E8AE80016A050 /* Release */,
			);
			defaultConfigurationIsVisible = 0;
			defaultConfigurationName = Release;
		};
/* End XCConfigurationList section */
	};
	rootObject = A0799104248E8AE60016A050 /* Project object */;
}
